// !$*UTF8*$!
{
	archiveVersion = 1;
	classes = {
	};
	objectVersion = 50;
	objects = {

/* Begin PBXBuildFile section */
		E4CDAD36256F120500491A73 /* sharesies_ios_appApp.swift in Sources */ = {isa = PBXBuildFile; fileRef = E4CDAD35256F120500491A73 /* sharesies_ios_appApp.swift */; };
		E4CDAD38256F120500491A73 /* ContentView.swift in Sources */ = {isa = PBXBuildFile; fileRef = E4CDAD37256F120500491A73 /* ContentView.swift */; };
		E4CDAD3A256F120600491A73 /* Assets.xcassets in Resources */ = {isa = PBXBuildFile; fileRef = E4CDAD39256F120600491A73 /* Assets.xcassets */; };
		E4CDAD3D256F120600491A73 /* Preview Assets.xcassets in Resources */ = {isa = PBXBuildFile; fileRef = E4CDAD3C256F120600491A73 /* Preview Assets.xcassets */; };
		E4CDAD47256F2E8500491A73 /* SearchResultsView.swift in Sources */ = {isa = PBXBuildFile; fileRef = E4CDAD46256F2E8500491A73 /* SearchResultsView.swift */; };
		E4CDAD4A256F2FED00491A73 /* searchResults.json in Resources */ = {isa = PBXBuildFile; fileRef = E4CDAD49256F2FED00491A73 /* searchResults.json */; };
		E4CDAD4D256F30AD00491A73 /* SearchResult.swift in Sources */ = {isa = PBXBuildFile; fileRef = E4CDAD4C256F30AD00491A73 /* SearchResult.swift */; };
		E4CDAD50256F31A000491A73 /* dummySearchResults.json in Resources */ = {isa = PBXBuildFile; fileRef = E4CDAD4F256F31A000491A73 /* dummySearchResults.json */; };
/* End PBXBuildFile section */

/* Begin PBXFileReference section */
		E4CDAD32256F120500491A73 /* sharesies-ios-app.app */ = {isa = PBXFileReference; explicitFileType = wrapper.application; includeInIndex = 0; path = "sharesies-ios-app.app"; sourceTree = BUILT_PRODUCTS_DIR; };
		E4CDAD35256F120500491A73 /* sharesies_ios_appApp.swift */ = {isa = PBXFileReference; lastKnownFileType = sourcecode.swift; path = sharesies_ios_appApp.swift; sourceTree = "<group>"; };
		E4CDAD37256F120500491A73 /* ContentView.swift */ = {isa = PBXFileReference; lastKnownFileType = sourcecode.swift; path = ContentView.swift; sourceTree = "<group>"; };
		E4CDAD39256F120600491A73 /* Assets.xcassets */ = {isa = PBXFileReference; lastKnownFileType = folder.assetcatalog; path = Assets.xcassets; sourceTree = "<group>"; };
		E4CDAD3C256F120600491A73 /* Preview Assets.xcassets */ = {isa = PBXFileReference; lastKnownFileType = folder.assetcatalog; path = "Preview Assets.xcassets"; sourceTree = "<group>"; };
		E4CDAD3E256F120600491A73 /* Info.plist */ = {isa = PBXFileReference; lastKnownFileType = text.plist.xml; path = Info.plist; sourceTree = "<group>"; };
		E4CDAD46256F2E8500491A73 /* SearchResultsView.swift */ = {isa = PBXFileReference; lastKnownFileType = sourcecode.swift; path = SearchResultsView.swift; sourceTree = "<group>"; };
		E4CDAD49256F2FED00491A73 /* searchResults.json */ = {isa = PBXFileReference; lastKnownFileType = text.json; path = searchResults.json; sourceTree = "<group>"; };
		E4CDAD4C256F30AD00491A73 /* SearchResult.swift */ = {isa = PBXFileReference; lastKnownFileType = sourcecode.swift; path = SearchResult.swift; sourceTree = "<group>"; };
		E4CDAD4F256F31A000491A73 /* dummySearchResults.json */ = {isa = PBXFileReference; lastKnownFileType = text.json; path = dummySearchResults.json; sourceTree = "<group>"; };
/* End PBXFileReference section */

/* Begin PBXFrameworksBuildPhase section */
		E4CDAD2F256F120500491A73 /* Frameworks */ = {
			isa = PBXFrameworksBuildPhase;
			buildActionMask = 2147483647;
			files = (
			);
			runOnlyForDeploymentPostprocessing = 0;
		};
/* End PBXFrameworksBuildPhase section */

/* Begin PBXGroup section */
		E4CDAD29256F120500491A73 = {
			isa = PBXGroup;
			children = (
				E4CDAD34256F120500491A73 /* sharesies-ios-app */,
				E4CDAD33256F120500491A73 /* Products */,
			);
			sourceTree = "<group>";
		};
		E4CDAD33256F120500491A73 /* Products */ = {
			isa = PBXGroup;
			children = (
				E4CDAD32256F120500491A73 /* sharesies-ios-app.app */,
			);
			name = Products;
			sourceTree = "<group>";
		};
		E4CDAD34256F120500491A73 /* sharesies-ios-app */ = {
			isa = PBXGroup;
			children = (
				E4CDAD45256F2E6200491A73 /* SearchResults */,
				E4CDAD35256F120500491A73 /* sharesies_ios_appApp.swift */,
				E4CDAD37256F120500491A73 /* ContentView.swift */,
				E4CDAD39256F120600491A73 /* Assets.xcassets */,
				E4CDAD3E256F120600491A73 /* Info.plist */,
				E4CDAD3B256F120600491A73 /* Preview Content */,
			);
			path = "sharesies-ios-app";
			sourceTree = "<group>";
		};
		E4CDAD3B256F120600491A73 /* Preview Content */ = {
			isa = PBXGroup;
			children = (
				E4CDAD3C256F120600491A73 /* Preview Assets.xcassets */,
			);
			path = "Preview Content";
			sourceTree = "<group>";
		};
		E4CDAD45256F2E6200491A73 /* SearchResults */ = {
			isa = PBXGroup;
			children = (
				E4CDAD46256F2E8500491A73 /* SearchResultsView.swift */,
				E4CDAD49256F2FED00491A73 /* searchResults.json */,
				E4CDAD4C256F30AD00491A73 /* SearchResult.swift */,
				E4CDAD4F256F31A000491A73 /* dummySearchResults.json */,
			);
			path = SearchResults;
			sourceTree = "<group>";
		};
/* End PBXGroup section */

/* Begin PBXNativeTarget section */
		E4CDAD31256F120500491A73 /* sharesies-ios-app */ = {
			isa = PBXNativeTarget;
			buildConfigurationList = E4CDAD41256F120600491A73 /* Build configuration list for PBXNativeTarget "sharesies-ios-app" */;
			buildPhases = (
				E4CDAD2E256F120500491A73 /* Sources */,
				E4CDAD2F256F120500491A73 /* Frameworks */,
				E4CDAD30256F120500491A73 /* Resources */,
			);
			buildRules = (
			);
			dependencies = (
			);
			name = "sharesies-ios-app";
			productName = "sharesies-ios-app";
			productReference = E4CDAD32256F120500491A73 /* sharesies-ios-app.app */;
			productType = "com.apple.product-type.application";
		};
/* End PBXNativeTarget section */

/* Begin PBXProject section */
		E4CDAD2A256F120500491A73 /* Project object */ = {
			isa = PBXProject;
			attributes = {
				LastSwiftUpdateCheck = 1220;
				LastUpgradeCheck = 1220;
				TargetAttributes = {
					E4CDAD31256F120500491A73 = {
						CreatedOnToolsVersion = 12.2;
					};
				};
			};
			buildConfigurationList = E4CDAD2D256F120500491A73 /* Build configuration list for PBXProject "sharesies-ios-app" */;
			compatibilityVersion = "Xcode 9.3";
			developmentRegion = en;
			hasScannedForEncodings = 0;
			knownRegions = (
				en,
				Base,
			);
			mainGroup = E4CDAD29256F120500491A73;
			productRefGroup = E4CDAD33256F120500491A73 /* Products */;
			projectDirPath = "";
			projectRoot = "";
			targets = (
				E4CDAD31256F120500491A73 /* sharesies-ios-app */,
			);
		};
/* End PBXProject section */

/* Begin PBXResourcesBuildPhase section */
		E4CDAD30256F120500491A73 /* Resources */ = {
			isa = PBXResourcesBuildPhase;
			buildActionMask = 2147483647;
			files = (
				E4CDAD3D256F120600491A73 /* Preview Assets.xcassets in Resources */,
				E4CDAD3A256F120600491A73 /* Assets.xcassets in Resources */,
				E4CDAD4A256F2FED00491A73 /* searchResults.json in Resources */,
				E4CDAD50256F31A000491A73 /* dummySearchResults.json in Resources */,
			);
			runOnlyForDeploymentPostprocessing = 0;
		};
/* End PBXResourcesBuildPhase section */

/* Begin PBXSourcesBuildPhase section */
		E4CDAD2E256F120500491A73 /* Sources */ = {
			isa = PBXSourcesBuildPhase;
			buildActionMask = 2147483647;
			files = (
				E4CDAD38256F120500491A73 /* ContentView.swift in Sources */,
				E4CDAD47256F2E8500491A73 /* SearchResultsView.swift in Sources */,
				E4CDAD4D256F30AD00491A73 /* SearchResult.swift in Sources */,
				E4CDAD36256F120500491A73 /* sharesies_ios_appApp.swift in Sources */,
			);
			runOnlyForDeploymentPostprocessing = 0;
		};
/* End PBXSourcesBuildPhase section */

/* Begin XCBuildConfiguration section */
		E4CDAD3F256F120600491A73 /* Debug */ = {
			isa = XCBuildConfiguration;
			buildSettings = {
				ALWAYS_SEARCH_USER_PATHS = NO;
				CLANG_ANALYZER_NONNULL = YES;
				CLANG_ANALYZER_NUMBER_OBJECT_CONVERSION = YES_AGGRESSIVE;
				CLANG_CXX_LANGUAGE_STANDARD = "gnu++14";
				CLANG_CXX_LIBRARY = "libc++";
				CLANG_ENABLE_MODULES = YES;
				CLANG_ENABLE_OBJC_ARC = YES;
				CLANG_ENABLE_OBJC_WEAK = YES;
				CLANG_WARN_BLOCK_CAPTURE_AUTORELEASING = YES;
				CLANG_WARN_BOOL_CONVERSION = YES;
				CLANG_WARN_COMMA = YES;
				CLANG_WARN_CONSTANT_CONVERSION = YES;
				CLANG_WARN_DEPRECATED_OBJC_IMPLEMENTATIONS = YES;
				CLANG_WARN_DIRECT_OBJC_ISA_USAGE = YES_ERROR;
				CLANG_WARN_DOCUMENTATION_COMMENTS = YES;
				CLANG_WARN_EMPTY_BODY = YES;
				CLANG_WARN_ENUM_CONVERSION = YES;
				CLANG_WARN_INFINITE_RECURSION = YES;
				CLANG_WARN_INT_CONVERSION = YES;
				CLANG_WARN_NON_LITERAL_NULL_CONVERSION = YES;
				CLANG_WARN_OBJC_IMPLICIT_RETAIN_SELF = YES;
				CLANG_WARN_OBJC_LITERAL_CONVERSION = YES;
				CLANG_WARN_OBJC_ROOT_CLASS = YES_ERROR;
				CLANG_WARN_QUOTED_INCLUDE_IN_FRAMEWORK_HEADER = YES;
				CLANG_WARN_RANGE_LOOP_ANALYSIS = YES;
				CLANG_WARN_STRICT_PROTOTYPES = YES;
				CLANG_WARN_SUSPICIOUS_MOVE = YES;
				CLANG_WARN_UNGUARDED_AVAILABILITY = YES_AGGRESSIVE;
				CLANG_WARN_UNREACHABLE_CODE = YES;
				CLANG_WARN__DUPLICATE_METHOD_MATCH = YES;
				COPY_PHASE_STRIP = NO;
				DEBUG_INFORMATION_FORMAT = dwarf;
				ENABLE_STRICT_OBJC_MSGSEND = YES;
				ENABLE_TESTABILITY = YES;
				GCC_C_LANGUAGE_STANDARD = gnu11;
				GCC_DYNAMIC_NO_PIC = NO;
				GCC_NO_COMMON_BLOCKS = YES;
				GCC_OPTIMIZATION_LEVEL = 0;
				GCC_PREPROCESSOR_DEFINITIONS = (
					"DEBUG=1",
					"$(inherited)",
				);
				GCC_WARN_64_TO_32_BIT_CONVERSION = YES;
				GCC_WARN_ABOUT_RETURN_TYPE = YES_ERROR;
				GCC_WARN_UNDECLARED_SELECTOR = YES;
				GCC_WARN_UNINITIALIZED_AUTOS = YES_AGGRESSIVE;
				GCC_WARN_UNUSED_FUNCTION = YES;
				GCC_WARN_UNUSED_VARIABLE = YES;
				IPHONEOS_DEPLOYMENT_TARGET = 14.2;
				MTL_ENABLE_DEBUG_INFO = INCLUDE_SOURCE;
				MTL_FAST_MATH = YES;
				ONLY_ACTIVE_ARCH = YES;
				SDKROOT = iphoneos;
				SWIFT_ACTIVE_COMPILATION_CONDITIONS = DEBUG;
				SWIFT_OPTIMIZATION_LEVEL = "-Onone";
			};
			name = Debug;
		};
		E4CDAD40256F120600491A73 /* Release */ = {
			isa = XCBuildConfiguration;
			buildSettings = {
				ALWAYS_SEARCH_USER_PATHS = NO;
				CLANG_ANALYZER_NONNULL = YES;
				CLANG_ANALYZER_NUMBER_OBJECT_CONVERSION = YES_AGGRESSIVE;
				CLANG_CXX_LANGUAGE_STANDARD = "gnu++14";
				CLANG_CXX_LIBRARY = "libc++";
				CLANG_ENABLE_MODULES = YES;
				CLANG_ENABLE_OBJC_ARC = YES;
				CLANG_ENABLE_OBJC_WEAK = YES;
				CLANG_WARN_BLOCK_CAPTURE_AUTORELEASING = YES;
				CLANG_WARN_BOOL_CONVERSION = YES;
				CLANG_WARN_COMMA = YES;
				CLANG_WARN_CONSTANT_CONVERSION = YES;
				CLANG_WARN_DEPRECATED_OBJC_IMPLEMENTATIONS = YES;
				CLANG_WARN_DIRECT_OBJC_ISA_USAGE = YES_ERROR;
				CLANG_WARN_DOCUMENTATION_COMMENTS = YES;
				CLANG_WARN_EMPTY_BODY = YES;
				CLANG_WARN_ENUM_CONVERSION = YES;
				CLANG_WARN_INFINITE_RECURSION = YES;
				CLANG_WARN_INT_CONVERSION = YES;
				CLANG_WARN_NON_LITERAL_NULL_CONVERSION = YES;
				CLANG_WARN_OBJC_IMPLICIT_RETAIN_SELF = YES;
				CLANG_WARN_OBJC_LITERAL_CONVERSION = YES;
				CLANG_WARN_OBJC_ROOT_CLASS = YES_ERROR;
				CLANG_WARN_QUOTED_INCLUDE_IN_FRAMEWORK_HEADER = YES;
				CLANG_WARN_RANGE_LOOP_ANALYSIS = YES;
				CLANG_WARN_STRICT_PROTOTYPES = YES;
				CLANG_WARN_SUSPICIOUS_MOVE = YES;
				CLANG_WARN_UNGUARDED_AVAILABILITY = YES_AGGRESSIVE;
				CLANG_WARN_UNREACHABLE_CODE = YES;
				CLANG_WARN__DUPLICATE_METHOD_MATCH = YES;
				COPY_PHASE_STRIP = NO;
				DEBUG_INFORMATION_FORMAT = "dwarf-with-dsym";
				ENABLE_NS_ASSERTIONS = NO;
				ENABLE_STRICT_OBJC_MSGSEND = YES;
				GCC_C_LANGUAGE_STANDARD = gnu11;
				GCC_NO_COMMON_BLOCKS = YES;
				GCC_WARN_64_TO_32_BIT_CONVERSION = YES;
				GCC_WARN_ABOUT_RETURN_TYPE = YES_ERROR;
				GCC_WARN_UNDECLARED_SELECTOR = YES;
				GCC_WARN_UNINITIALIZED_AUTOS = YES_AGGRESSIVE;
				GCC_WARN_UNUSED_FUNCTION = YES;
				GCC_WARN_UNUSED_VARIABLE = YES;
				IPHONEOS_DEPLOYMENT_TARGET = 14.2;
				MTL_ENABLE_DEBUG_INFO = NO;
				MTL_FAST_MATH = YES;
				SDKROOT = iphoneos;
				SWIFT_COMPILATION_MODE = wholemodule;
				SWIFT_OPTIMIZATION_LEVEL = "-O";
				VALIDATE_PRODUCT = YES;
			};
			name = Release;
		};
		E4CDAD42256F120600491A73 /* Debug */ = {
			isa = XCBuildConfiguration;
			buildSettings = {
				ASSETCATALOG_COMPILER_APPICON_NAME = AppIcon;
				ASSETCATALOG_COMPILER_GLOBAL_ACCENT_COLOR_NAME = AccentColor;
				CODE_SIGN_STYLE = Automatic;
				DEVELOPMENT_ASSET_PATHS = "\"sharesies-ios-app/Preview Content\"";
				DEVELOPMENT_TEAM = BYP6853VJD;
				ENABLE_PREVIEWS = YES;
				INFOPLIST_FILE = "sharesies-ios-app/Info.plist";
				IPHONEOS_DEPLOYMENT_TARGET = 14.0;
				LD_RUNPATH_SEARCH_PATHS = (
					"$(inherited)",
					"@executable_path/Frameworks",
				);
				PRODUCT_BUNDLE_IDENTIFIER = "sharesies.co.nz.sharesies-ios-app";
				PRODUCT_NAME = "$(TARGET_NAME)";
				SWIFT_VERSION = 5.0;
				TARGETED_DEVICE_FAMILY = "1,2";
			};
			name = Debug;
		};
		E4CDAD43256F120600491A73 /* Release */ = {
			isa = XCBuildConfiguration;
			buildSettings = {
				ASSETCATALOG_COMPILER_APPICON_NAME = AppIcon;
				ASSETCATALOG_COMPILER_GLOBAL_ACCENT_COLOR_NAME = AccentColor;
				CODE_SIGN_STYLE = Automatic;
				DEVELOPMENT_ASSET_PATHS = "\"sharesies-ios-app/Preview Content\"";
				DEVELOPMENT_TEAM = BYP6853VJD;
				ENABLE_PREVIEWS = YES;
				INFOPLIST_FILE = "sharesies-ios-app/Info.plist";
				IPHONEOS_DEPLOYMENT_TARGET = 14.0;
				LD_RUNPATH_SEARCH_PATHS = (
					"$(inherited)",
					"@executable_path/Frameworks",
				);
				PRODUCT_BUNDLE_IDENTIFIER = "sharesies.co.nz.sharesies-ios-app";
				PRODUCT_NAME = "$(TARGET_NAME)";
				SWIFT_VERSION = 5.0;
				TARGETED_DEVICE_FAMILY = "1,2";
			};
			name = Release;
		};
/* End XCBuildConfiguration section */

/* Begin XCConfigurationList section */
		E4CDAD2D256F120500491A73 /* Build configuration list for PBXProject "sharesies-ios-app" */ = {
			isa = XCConfigurationList;
			buildConfigurations = (
				E4CDAD3F256F120600491A73 /* Debug */,
				E4CDAD40256F120600491A73 /* Release */,
			);
			defaultConfigurationIsVisible = 0;
			defaultConfigurationName = Release;
		};
		E4CDAD41256F120600491A73 /* Build configuration list for PBXNativeTarget "sharesies-ios-app" */ = {
			isa = XCConfigurationList;
			buildConfigurations = (
				E4CDAD42256F120600491A73 /* Debug */,
				E4CDAD43256F120600491A73 /* Release */,
			);
			defaultConfigurationIsVisible = 0;
			defaultConfigurationName = Release;
		};
/* End XCConfigurationList section */
	};
	rootObject = E4CDAD2A256F120500491A73 /* Project object */;
}
